
Microsoft Visual Studio Solution File, Format Version 12.00
# Visual Studio Version 16
VisualStudioVersion = 16.0.31729.503
MinimumVisualStudioVersion = 10.0.40219.1
Project("{9A19103F-16F7-4668-BE54-9A1E7A4F7556}") = "DAYS4.Storage", "DAYS4.Storage\DAYS4.Storage.csproj", "{FD4BD405-188C-4230-94B3-703E5CDEA222}"
EndProject
Project("{9A19103F-16F7-4668-BE54-9A1E7A4F7556}") = "DAYS4.Storage.Tests", "DAYS4.Storage.Tests\DAYS4.Storage.Tests.csproj", "{EDBB654F-8CAE-4FA2-8E8A-37104C1BC6B5}"
EndProject
Global
	GlobalSection(SolutionConfigurationPlatforms) = preSolution
		Debug|Any CPU = Debug|Any CPU
		Release|Any CPU = Release|Any CPU
	EndGlobalSection
	GlobalSection(ProjectConfigurationPlatforms) = postSolution
		{FD4BD405-188C-4230-94B3-703E5CDEA222}.Debug|Any CPU.ActiveCfg = Debug|Any CPU
		{FD4BD405-188C-4230-94B3-703E5CDEA222}.Debug|Any CPU.Build.0 = Debug|Any CPU
		{FD4BD405-188C-4230-94B3-703E5CDEA222}.Release|Any CPU.ActiveCfg = Release|Any CPU
		{FD4BD405-188C-4230-94B3-703E5CDEA222}.Release|Any CPU.Build.0 = Release|Any CPU
		{EDBB654F-8CAE-4FA2-8E8A-37104C1BC6B5}.Debug|Any CPU.ActiveCfg = Debug|Any CPU
		{EDBB654F-8CAE-4FA2-8E8A-37104C1BC6B5}.Debug|Any CPU.Build.0 = Debug|Any CPU
		{EDBB654F-8CAE-4FA2-8E8A-37104C1BC6B5}.Release|Any CPU.ActiveCfg = Release|Any CPU
		{EDBB654F-8CAE-4FA2-8E8A-37104C1BC6B5}.Release|Any CPU.Build.0 = Release|Any CPU
	EndGlobalSection
	GlobalSection(SolutionProperties) = preSolution
		HideSolutionNode = FALSE
	EndGlobalSection
	GlobalSection(ExtensibilityGlobals) = postSolution
		SolutionGuid = {B1B85F4B-9EAE-4837-BFA1-0332C66EA037}
	EndGlobalSection
EndGlobal
